// !$*UTF8*$!
{
	archiveVersion = 1;
	classes = {
	};
	objectVersion = 56;
	objects = {

/* Begin PBXBuildFile section */
		756C60D56EBFBEAB760C5D45 /* Pods_CaixaEletronico.framework in Frameworks */ = {isa = PBXBuildFile; fileRef = E140CE15B5DA19CDBF9234AC /* Pods_CaixaEletronico.framework */; };
		A3F9C85029706FE4008ADF22 /* AppDelegate.swift in Sources */ = {isa = PBXBuildFile; fileRef = A3F9C84F29706FE4008ADF22 /* AppDelegate.swift */; };
		A3F9C85229706FE4008ADF22 /* SceneDelegate.swift in Sources */ = {isa = PBXBuildFile; fileRef = A3F9C85129706FE4008ADF22 /* SceneDelegate.swift */; };
		A3F9C85929706FE6008ADF22 /* Assets.xcassets in Resources */ = {isa = PBXBuildFile; fileRef = A3F9C85829706FE6008ADF22 /* Assets.xcassets */; };
		A3F9C85C29706FE6008ADF22 /* LaunchScreen.storyboard in Resources */ = {isa = PBXBuildFile; fileRef = A3F9C85A29706FE6008ADF22 /* LaunchScreen.storyboard */; };
		A3F9C869297070D1008ADF22 /* HomeViewController.swift in Sources */ = {isa = PBXBuildFile; fileRef = A3F9C866297070D1008ADF22 /* HomeViewController.swift */; };
		A3F9C86A297070D1008ADF22 /* HomeView.swift in Sources */ = {isa = PBXBuildFile; fileRef = A3F9C867297070D1008ADF22 /* HomeView.swift */; };
		A3F9C86B297070D1008ADF22 /* HomeViewModel.swift in Sources */ = {isa = PBXBuildFile; fileRef = A3F9C868297070D1008ADF22 /* HomeViewModel.swift */; };
		A3F9C8702970726F008ADF22 /* UIImage.swift in Sources */ = {isa = PBXBuildFile; fileRef = A3F9C86F2970726F008ADF22 /* UIImage.swift */; };
		A3F9C873297074F3008ADF22 /* NoteCollectionViewCell.swift in Sources */ = {isa = PBXBuildFile; fileRef = A3F9C872297074F3008ADF22 /* NoteCollectionViewCell.swift */; };
		A3F9C879297075CF008ADF22 /* NoteType.swift in Sources */ = {isa = PBXBuildFile; fileRef = A3F9C878297075CF008ADF22 /* NoteType.swift */; };
		A3F9C87E29709A43008ADF22 /* LoadingViewController.swift in Sources */ = {isa = PBXBuildFile; fileRef = A3F9C87B29709A43008ADF22 /* LoadingViewController.swift */; };
		A3F9C87F29709A43008ADF22 /* LoadingView.swift in Sources */ = {isa = PBXBuildFile; fileRef = A3F9C87C29709A43008ADF22 /* LoadingView.swift */; };
		A3F9C88029709A43008ADF22 /* LoadingViewModel.swift in Sources */ = {isa = PBXBuildFile; fileRef = A3F9C87D29709A43008ADF22 /* LoadingViewModel.swift */; };
		A3F9C88829709FD7008ADF22 /* ResultViewController.swift in Sources */ = {isa = PBXBuildFile; fileRef = A3F9C88529709FD7008ADF22 /* ResultViewController.swift */; };
		A3F9C88929709FD7008ADF22 /* ResultView.swift in Sources */ = {isa = PBXBuildFile; fileRef = A3F9C88629709FD7008ADF22 /* ResultView.swift */; };
		A3F9C88A29709FD7008ADF22 /* ResultViewModel.swift in Sources */ = {isa = PBXBuildFile; fileRef = A3F9C88729709FD7008ADF22 /* ResultViewModel.swift */; };
/* End PBXBuildFile section */

/* Begin PBXFileReference section */
		357F30DF89CD9124CA1B9FE5 /* Pods-CaixaEletronico.release.xcconfig */ = {isa = PBXFileReference; includeInIndex = 1; lastKnownFileType = text.xcconfig; name = "Pods-CaixaEletronico.release.xcconfig"; path = "Target Support Files/Pods-CaixaEletronico/Pods-CaixaEletronico.release.xcconfig"; sourceTree = "<group>"; };
		99739E22967A6554230C438B /* Pods-CaixaEletronico.debug.xcconfig */ = {isa = PBXFileReference; includeInIndex = 1; lastKnownFileType = text.xcconfig; name = "Pods-CaixaEletronico.debug.xcconfig"; path = "Target Support Files/Pods-CaixaEletronico/Pods-CaixaEletronico.debug.xcconfig"; sourceTree = "<group>"; };
		A3F9C84C29706FE4008ADF22 /* CaixaEletronico.app */ = {isa = PBXFileReference; explicitFileType = wrapper.application; includeInIndex = 0; path = CaixaEletronico.app; sourceTree = BUILT_PRODUCTS_DIR; };
		A3F9C84F29706FE4008ADF22 /* AppDelegate.swift */ = {isa = PBXFileReference; lastKnownFileType = sourcecode.swift; path = AppDelegate.swift; sourceTree = "<group>"; };
		A3F9C85129706FE4008ADF22 /* SceneDelegate.swift */ = {isa = PBXFileReference; lastKnownFileType = sourcecode.swift; path = SceneDelegate.swift; sourceTree = "<group>"; };
		A3F9C85829706FE6008ADF22 /* Assets.xcassets */ = {isa = PBXFileReference; lastKnownFileType = folder.assetcatalog; path = Assets.xcassets; sourceTree = "<group>"; };
		A3F9C85B29706FE6008ADF22 /* Base */ = {isa = PBXFileReference; lastKnownFileType = file.storyboard; name = Base; path = Base.lproj/LaunchScreen.storyboard; sourceTree = "<group>"; };
		A3F9C85D29706FE6008ADF22 /* Info.plist */ = {isa = PBXFileReference; lastKnownFileType = text.plist.xml; path = Info.plist; sourceTree = "<group>"; };
		A3F9C866297070D1008ADF22 /* HomeViewController.swift */ = {isa = PBXFileReference; lastKnownFileType = sourcecode.swift; path = HomeViewController.swift; sourceTree = "<group>"; };
		A3F9C867297070D1008ADF22 /* HomeView.swift */ = {isa = PBXFileReference; lastKnownFileType = sourcecode.swift; path = HomeView.swift; sourceTree = "<group>"; };
		A3F9C868297070D1008ADF22 /* HomeViewModel.swift */ = {isa = PBXFileReference; lastKnownFileType = sourcecode.swift; path = HomeViewModel.swift; sourceTree = "<group>"; };
		A3F9C86F2970726F008ADF22 /* UIImage.swift */ = {isa = PBXFileReference; lastKnownFileType = sourcecode.swift; path = UIImage.swift; sourceTree = "<group>"; };
		A3F9C872297074F3008ADF22 /* NoteCollectionViewCell.swift */ = {isa = PBXFileReference; lastKnownFileType = sourcecode.swift; path = NoteCollectionViewCell.swift; sourceTree = "<group>"; };
		A3F9C878297075CF008ADF22 /* NoteType.swift */ = {isa = PBXFileReference; lastKnownFileType = sourcecode.swift; path = NoteType.swift; sourceTree = "<group>"; };
		A3F9C87B29709A43008ADF22 /* LoadingViewController.swift */ = {isa = PBXFileReference; lastKnownFileType = sourcecode.swift; path = LoadingViewController.swift; sourceTree = "<group>"; };
		A3F9C87C29709A43008ADF22 /* LoadingView.swift */ = {isa = PBXFileReference; lastKnownFileType = sourcecode.swift; path = LoadingView.swift; sourceTree = "<group>"; };
		A3F9C87D29709A43008ADF22 /* LoadingViewModel.swift */ = {isa = PBXFileReference; lastKnownFileType = sourcecode.swift; path = LoadingViewModel.swift; sourceTree = "<group>"; };
		A3F9C88529709FD7008ADF22 /* ResultViewController.swift */ = {isa = PBXFileReference; lastKnownFileType = sourcecode.swift; path = ResultViewController.swift; sourceTree = "<group>"; };
		A3F9C88629709FD7008ADF22 /* ResultView.swift */ = {isa = PBXFileReference; lastKnownFileType = sourcecode.swift; path = ResultView.swift; sourceTree = "<group>"; };
		A3F9C88729709FD7008ADF22 /* ResultViewModel.swift */ = {isa = PBXFileReference; lastKnownFileType = sourcecode.swift; path = ResultViewModel.swift; sourceTree = "<group>"; };
		E140CE15B5DA19CDBF9234AC /* Pods_CaixaEletronico.framework */ = {isa = PBXFileReference; explicitFileType = wrapper.framework; includeInIndex = 0; path = Pods_CaixaEletronico.framework; sourceTree = BUILT_PRODUCTS_DIR; };
/* End PBXFileReference section */

/* Begin PBXFrameworksBuildPhase section */
		A3F9C84929706FE4008ADF22 /* Frameworks */ = {
			isa = PBXFrameworksBuildPhase;
			buildActionMask = 2147483647;
			files = (
				756C60D56EBFBEAB760C5D45 /* Pods_CaixaEletronico.framework in Frameworks */,
			);
			runOnlyForDeploymentPostprocessing = 0;
		};
/* End PBXFrameworksBuildPhase section */

/* Begin PBXGroup section */
		9ABC32DA98EEB30C53EA172D /* Frameworks */ = {
			isa = PBXGroup;
			children = (
				E140CE15B5DA19CDBF9234AC /* Pods_CaixaEletronico.framework */,
			);
			name = Frameworks;
			sourceTree = "<group>";
		};
		A3F9C84329706FE4008ADF22 = {
			isa = PBXGroup;
			children = (
				A3F9C84E29706FE4008ADF22 /* CaixaEletronico */,
				A3F9C84D29706FE4008ADF22 /* Products */,
				F8E0312A98225DB2CC300BF6 /* Pods */,
				9ABC32DA98EEB30C53EA172D /* Frameworks */,
			);
			sourceTree = "<group>";
		};
		A3F9C84D29706FE4008ADF22 /* Products */ = {
			isa = PBXGroup;
			children = (
				A3F9C84C29706FE4008ADF22 /* CaixaEletronico.app */,
			);
			name = Products;
			sourceTree = "<group>";
		};
		A3F9C84E29706FE4008ADF22 /* CaixaEletronico */ = {
			isa = PBXGroup;
			children = (
				A3F9C86329706FFF008ADF22 /* AppDelegate */,
				A3F9C871297074AE008ADF22 /* Components */,
				A3F9C877297075B8008ADF22 /* Enum */,
				A3F9C86529707099008ADF22 /* Screens */,
				A3F9C8642970700E008ADF22 /* Resources */,
				A3F9C86D29707260008ADF22 /* Utils */,
				A3F9C85D29706FE6008ADF22 /* Info.plist */,
			);
			path = CaixaEletronico;
			sourceTree = "<group>";
		};
		A3F9C86329706FFF008ADF22 /* AppDelegate */ = {
			isa = PBXGroup;
			children = (
				A3F9C84F29706FE4008ADF22 /* AppDelegate.swift */,
				A3F9C85129706FE4008ADF22 /* SceneDelegate.swift */,
			);
			path = AppDelegate;
			sourceTree = "<group>";
		};
		A3F9C8642970700E008ADF22 /* Resources */ = {
			isa = PBXGroup;
			children = (
				A3F9C85829706FE6008ADF22 /* Assets.xcassets */,
				A3F9C85A29706FE6008ADF22 /* LaunchScreen.storyboard */,
			);
			path = Resources;
			sourceTree = "<group>";
		};
		A3F9C86529707099008ADF22 /* Screens */ = {
			isa = PBXGroup;
			children = (
				A3F9C88429709FC9008ADF22 /* Result */,
				A3F9C87A29709A33008ADF22 /* Loading */,
				A3F9C86C297070D4008ADF22 /* Home */,
			);
			path = Screens;
			sourceTree = "<group>";
		};
		A3F9C86C297070D4008ADF22 /* Home */ = {
			isa = PBXGroup;
			children = (
				A3F9C866297070D1008ADF22 /* HomeViewController.swift */,
				A3F9C867297070D1008ADF22 /* HomeView.swift */,
				A3F9C868297070D1008ADF22 /* HomeViewModel.swift */,
			);
			path = Home;
			sourceTree = "<group>";
		};
		A3F9C86D29707260008ADF22 /* Utils */ = {
			isa = PBXGroup;
			children = (
				A3F9C86E29707265008ADF22 /* Extensions */,
			);
			path = Utils;
			sourceTree = "<group>";
		};
		A3F9C86E29707265008ADF22 /* Extensions */ = {
			isa = PBXGroup;
			children = (
				A3F9C86F2970726F008ADF22 /* UIImage.swift */,
			);
			path = Extensions;
			sourceTree = "<group>";
		};
		A3F9C871297074AE008ADF22 /* Components */ = {
			isa = PBXGroup;
			children = (
				A3F9C872297074F3008ADF22 /* NoteCollectionViewCell.swift */,
			);
			path = Components;
			sourceTree = "<group>";
		};
		A3F9C877297075B8008ADF22 /* Enum */ = {
			isa = PBXGroup;
			children = (
				A3F9C878297075CF008ADF22 /* NoteType.swift */,
			);
			path = Enum;
			sourceTree = "<group>";
		};
		A3F9C87A29709A33008ADF22 /* Loading */ = {
			isa = PBXGroup;
			children = (
				A3F9C87B29709A43008ADF22 /* LoadingViewController.swift */,
				A3F9C87C29709A43008ADF22 /* LoadingView.swift */,
				A3F9C87D29709A43008ADF22 /* LoadingViewModel.swift */,
			);
			path = Loading;
			sourceTree = "<group>";
		};
		A3F9C88429709FC9008ADF22 /* Result */ = {
			isa = PBXGroup;
			children = (
				A3F9C88529709FD7008ADF22 /* ResultViewController.swift */,
				A3F9C88629709FD7008ADF22 /* ResultView.swift */,
				A3F9C88729709FD7008ADF22 /* ResultViewModel.swift */,
			);
			path = Result;
			sourceTree = "<group>";
		};
		F8E0312A98225DB2CC300BF6 /* Pods */ = {
			isa = PBXGroup;
			children = (
				99739E22967A6554230C438B /* Pods-CaixaEletronico.debug.xcconfig */,
				357F30DF89CD9124CA1B9FE5 /* Pods-CaixaEletronico.release.xcconfig */,
			);
			path = Pods;
			sourceTree = "<group>";
		};
/* End PBXGroup section */

/* Begin PBXNativeTarget section */
		A3F9C84B29706FE4008ADF22 /* CaixaEletronico */ = {
			isa = PBXNativeTarget;
			buildConfigurationList = A3F9C86029706FE6008ADF22 /* Build configuration list for PBXNativeTarget "CaixaEletronico" */;
			buildPhases = (
				2DCD8D5AAEA26E204868BFA5 /* [CP] Check Pods Manifest.lock */,
				A3F9C84829706FE4008ADF22 /* Sources */,
				A3F9C84929706FE4008ADF22 /* Frameworks */,
				A3F9C84A29706FE4008ADF22 /* Resources */,
				A6C9762E7542F075A156DD05 /* [CP] Embed Pods Frameworks */,
			);
			buildRules = (
			);
			dependencies = (
			);
			name = CaixaEletronico;
			productName = CaixaEletronico;
			productReference = A3F9C84C29706FE4008ADF22 /* CaixaEletronico.app */;
			productType = "com.apple.product-type.application";
		};
/* End PBXNativeTarget section */

/* Begin PBXProject section */
		A3F9C84429706FE4008ADF22 /* Project object */ = {
			isa = PBXProject;
			attributes = {
				BuildIndependentTargetsInParallel = 1;
				LastSwiftUpdateCheck = 1420;
				LastUpgradeCheck = 1420;
				TargetAttributes = {
					A3F9C84B29706FE4008ADF22 = {
						CreatedOnToolsVersion = 14.2;
					};
				};
			};
			buildConfigurationList = A3F9C84729706FE4008ADF22 /* Build configuration list for PBXProject "CaixaEletronico" */;
			compatibilityVersion = "Xcode 14.0";
			developmentRegion = en;
			hasScannedForEncodings = 0;
			knownRegions = (
				en,
				Base,
			);
			mainGroup = A3F9C84329706FE4008ADF22;
			productRefGroup = A3F9C84D29706FE4008ADF22 /* Products */;
			projectDirPath = "";
			projectRoot = "";
			targets = (
				A3F9C84B29706FE4008ADF22 /* CaixaEletronico */,
			);
		};
/* End PBXProject section */

/* Begin PBXResourcesBuildPhase section */
		A3F9C84A29706FE4008ADF22 /* Resources */ = {
			isa = PBXResourcesBuildPhase;
			buildActionMask = 2147483647;
			files = (
				A3F9C85C29706FE6008ADF22 /* LaunchScreen.storyboard in Resources */,
				A3F9C85929706FE6008ADF22 /* Assets.xcassets in Resources */,
			);
			runOnlyForDeploymentPostprocessing = 0;
		};
/* End PBXResourcesBuildPhase section */

/* Begin PBXShellScriptBuildPhase section */
		2DCD8D5AAEA26E204868BFA5 /* [CP] Check Pods Manifest.lock */ = {
			isa = PBXShellScriptBuildPhase;
			buildActionMask = 2147483647;
			files = (
			);
			inputFileListPaths = (
			);
			inputPaths = (
				"${PODS_PODFILE_DIR_PATH}/Podfile.lock",
				"${PODS_ROOT}/Manifest.lock",
			);
			name = "[CP] Check Pods Manifest.lock";
			outputFileListPaths = (
			);
			outputPaths = (
				"$(DERIVED_FILE_DIR)/Pods-CaixaEletronico-checkManifestLockResult.txt",
			);
			runOnlyForDeploymentPostprocessing = 0;
			shellPath = /bin/sh;
			shellScript = "diff \"${PODS_PODFILE_DIR_PATH}/Podfile.lock\" \"${PODS_ROOT}/Manifest.lock\" > /dev/null\nif [ $? != 0 ] ; then\n    # print error to STDERR\n    echo \"error: The sandbox is not in sync with the Podfile.lock. Run 'pod install' or update your CocoaPods installation.\" >&2\n    exit 1\nfi\n# This output is used by Xcode 'outputs' to avoid re-running this script phase.\necho \"SUCCESS\" > \"${SCRIPT_OUTPUT_FILE_0}\"\n";
			showEnvVarsInLog = 0;
		};
		A6C9762E7542F075A156DD05 /* [CP] Embed Pods Frameworks */ = {
			isa = PBXShellScriptBuildPhase;
			buildActionMask = 2147483647;
			files = (
			);
			inputFileListPaths = (
				"${PODS_ROOT}/Target Support Files/Pods-CaixaEletronico/Pods-CaixaEletronico-frameworks-${CONFIGURATION}-input-files.xcfilelist",
			);
			name = "[CP] Embed Pods Frameworks";
			outputFileListPaths = (
				"${PODS_ROOT}/Target Support Files/Pods-CaixaEletronico/Pods-CaixaEletronico-frameworks-${CONFIGURATION}-output-files.xcfilelist",
			);
			runOnlyForDeploymentPostprocessing = 0;
			shellPath = /bin/sh;
			shellScript = "\"${PODS_ROOT}/Target Support Files/Pods-CaixaEletronico/Pods-CaixaEletronico-frameworks.sh\"\n";
			showEnvVarsInLog = 0;
		};
/* End PBXShellScriptBuildPhase section */

/* Begin PBXSourcesBuildPhase section */
		A3F9C84829706FE4008ADF22 /* Sources */ = {
			isa = PBXSourcesBuildPhase;
			buildActionMask = 2147483647;
			files = (
				A3F9C88029709A43008ADF22 /* LoadingViewModel.swift in Sources */,
				A3F9C88A29709FD7008ADF22 /* ResultViewModel.swift in Sources */,
				A3F9C85029706FE4008ADF22 /* AppDelegate.swift in Sources */,
				A3F9C86A297070D1008ADF22 /* HomeView.swift in Sources */,
				A3F9C85229706FE4008ADF22 /* SceneDelegate.swift in Sources */,
				A3F9C87F29709A43008ADF22 /* LoadingView.swift in Sources */,
				A3F9C8702970726F008ADF22 /* UIImage.swift in Sources */,
				A3F9C86B297070D1008ADF22 /* HomeViewModel.swift in Sources */,
				A3F9C88929709FD7008ADF22 /* ResultView.swift in Sources */,
				A3F9C87E29709A43008ADF22 /* LoadingViewController.swift in Sources */,
				A3F9C869297070D1008ADF22 /* HomeViewController.swift in Sources */,
				A3F9C879297075CF008ADF22 /* NoteType.swift in Sources */,
				A3F9C873297074F3008ADF22 /* NoteCollectionViewCell.swift in Sources */,
				A3F9C88829709FD7008ADF22 /* ResultViewController.swift in Sources */,
			);
			runOnlyForDeploymentPostprocessing = 0;
		};
/* End PBXSourcesBuildPhase section */

/* Begin PBXVariantGroup section */
		A3F9C85A29706FE6008ADF22 /* LaunchScreen.storyboard */ = {
			isa = PBXVariantGroup;
			children = (
				A3F9C85B29706FE6008ADF22 /* Base */,
			);
			name = LaunchScreen.storyboard;
			sourceTree = "<group>";
		};
/* End PBXVariantGroup section */

/* Begin XCBuildConfiguration section */
		A3F9C85E29706FE6008ADF22 /* Debug */ = {
			isa = XCBuildConfiguration;
			buildSettings = {
				ALWAYS_SEARCH_USER_PATHS = NO;
				CLANG_ANALYZER_NONNULL = YES;
				CLANG_ANALYZER_NUMBER_OBJECT_CONVERSION = YES_AGGRESSIVE;
				CLANG_CXX_LANGUAGE_STANDARD = "gnu++20";
				CLANG_ENABLE_MODULES = YES;
				CLANG_ENABLE_OBJC_ARC = YES;
				CLANG_ENABLE_OBJC_WEAK = YES;
				CLANG_WARN_BLOCK_CAPTURE_AUTORELEASING = YES;
				CLANG_WARN_BOOL_CONVERSION = YES;
				CLANG_WARN_COMMA = YES;
				CLANG_WARN_CONSTANT_CONVERSION = YES;
				CLANG_WARN_DEPRECATED_OBJC_IMPLEMENTATIONS = YES;
				CLANG_WARN_DIRECT_OBJC_ISA_USAGE = YES_ERROR;
				CLANG_WARN_DOCUMENTATION_COMMENTS = YES;
				CLANG_WARN_EMPTY_BODY = YES;
				CLANG_WARN_ENUM_CONVERSION = YES;
				CLANG_WARN_INFINITE_RECURSION = YES;
				CLANG_WARN_INT_CONVERSION = YES;
				CLANG_WARN_NON_LITERAL_NULL_CONVERSION = YES;
				CLANG_WARN_OBJC_IMPLICIT_RETAIN_SELF = YES;
				CLANG_WARN_OBJC_LITERAL_CONVERSION = YES;
				CLANG_WARN_OBJC_ROOT_CLASS = YES_ERROR;
				CLANG_WARN_QUOTED_INCLUDE_IN_FRAMEWORK_HEADER = YES;
				CLANG_WARN_RANGE_LOOP_ANALYSIS = YES;
				CLANG_WARN_STRICT_PROTOTYPES = YES;
				CLANG_WARN_SUSPICIOUS_MOVE = YES;
				CLANG_WARN_UNGUARDED_AVAILABILITY = YES_AGGRESSIVE;
				CLANG_WARN_UNREACHABLE_CODE = YES;
				CLANG_WARN__DUPLICATE_METHOD_MATCH = YES;
				COPY_PHASE_STRIP = NO;
				DEBUG_INFORMATION_FORMAT = dwarf;
				ENABLE_STRICT_OBJC_MSGSEND = YES;
				ENABLE_TESTABILITY = YES;
				GCC_C_LANGUAGE_STANDARD = gnu11;
				GCC_DYNAMIC_NO_PIC = NO;
				GCC_NO_COMMON_BLOCKS = YES;
				GCC_OPTIMIZATION_LEVEL = 0;
				GCC_PREPROCESSOR_DEFINITIONS = (
					"DEBUG=1",
					"$(inherited)",
				);
				GCC_WARN_64_TO_32_BIT_CONVERSION = YES;
				GCC_WARN_ABOUT_RETURN_TYPE = YES_ERROR;
				GCC_WARN_UNDECLARED_SELECTOR = YES;
				GCC_WARN_UNINITIALIZED_AUTOS = YES_AGGRESSIVE;
				GCC_WARN_UNUSED_FUNCTION = YES;
				GCC_WARN_UNUSED_VARIABLE = YES;
				IPHONEOS_DEPLOYMENT_TARGET = 16.2;
				MTL_ENABLE_DEBUG_INFO = INCLUDE_SOURCE;
				MTL_FAST_MATH = YES;
				ONLY_ACTIVE_ARCH = YES;
				SDKROOT = iphoneos;
				SWIFT_ACTIVE_COMPILATION_CONDITIONS = DEBUG;
				SWIFT_OPTIMIZATION_LEVEL = "-Onone";
			};
			name = Debug;
		};
		A3F9C85F29706FE6008ADF22 /* Release */ = {
			isa = XCBuildConfiguration;
			buildSettings = {
				ALWAYS_SEARCH_USER_PATHS = NO;
				CLANG_ANALYZER_NONNULL = YES;
				CLANG_ANALYZER_NUMBER_OBJECT_CONVERSION = YES_AGGRESSIVE;
				CLANG_CXX_LANGUAGE_STANDARD = "gnu++20";
				CLANG_ENABLE_MODULES = YES;
				CLANG_ENABLE_OBJC_ARC = YES;
				CLANG_ENABLE_OBJC_WEAK = YES;
				CLANG_WARN_BLOCK_CAPTURE_AUTORELEASING = YES;
				CLANG_WARN_BOOL_CONVERSION = YES;
				CLANG_WARN_COMMA = YES;
				CLANG_WARN_CONSTANT_CONVERSION = YES;
				CLANG_WARN_DEPRECATED_OBJC_IMPLEMENTATIONS = YES;
				CLANG_WARN_DIRECT_OBJC_ISA_USAGE = YES_ERROR;
				CLANG_WARN_DOCUMENTATION_COMMENTS = YES;
				CLANG_WARN_EMPTY_BODY = YES;
				CLANG_WARN_ENUM_CONVERSION = YES;
				CLANG_WARN_INFINITE_RECURSION = YES;
				CLANG_WARN_INT_CONVERSION = YES;
				CLANG_WARN_NON_LITERAL_NULL_CONVERSION = YES;
				CLANG_WARN_OBJC_IMPLICIT_RETAIN_SELF = YES;
				CLANG_WARN_OBJC_LITERAL_CONVERSION = YES;
				CLANG_WARN_OBJC_ROOT_CLASS = YES_ERROR;
				CLANG_WARN_QUOTED_INCLUDE_IN_FRAMEWORK_HEADER = YES;
				CLANG_WARN_RANGE_LOOP_ANALYSIS = YES;
				CLANG_WARN_STRICT_PROTOTYPES = YES;
				CLANG_WARN_SUSPICIOUS_MOVE = YES;
				CLANG_WARN_UNGUARDED_AVAILABILITY = YES_AGGRESSIVE;
				CLANG_WARN_UNREACHABLE_CODE = YES;
				CLANG_WARN__DUPLICATE_METHOD_MATCH = YES;
				COPY_PHASE_STRIP = NO;
				DEBUG_INFORMATION_FORMAT = "dwarf-with-dsym";
				ENABLE_NS_ASSERTIONS = NO;
				ENABLE_STRICT_OBJC_MSGSEND = YES;
				GCC_C_LANGUAGE_STANDARD = gnu11;
				GCC_NO_COMMON_BLOCKS = YES;
				GCC_WARN_64_TO_32_BIT_CONVERSION = YES;
				GCC_WARN_ABOUT_RETURN_TYPE = YES_ERROR;
				GCC_WARN_UNDECLARED_SELECTOR = YES;
				GCC_WARN_UNINITIALIZED_AUTOS = YES_AGGRESSIVE;
				GCC_WARN_UNUSED_FUNCTION = YES;
				GCC_WARN_UNUSED_VARIABLE = YES;
				IPHONEOS_DEPLOYMENT_TARGET = 16.2;
				MTL_ENABLE_DEBUG_INFO = NO;
				MTL_FAST_MATH = YES;
				SDKROOT = iphoneos;
				SWIFT_COMPILATION_MODE = wholemodule;
				SWIFT_OPTIMIZATION_LEVEL = "-O";
				VALIDATE_PRODUCT = YES;
			};
			name = Release;
		};
		A3F9C86129706FE6008ADF22 /* Debug */ = {
			isa = XCBuildConfiguration;
			baseConfigurationReference = 99739E22967A6554230C438B /* Pods-CaixaEletronico.debug.xcconfig */;
			buildSettings = {
				ASSETCATALOG_COMPILER_APPICON_NAME = AppIcon;
				ASSETCATALOG_COMPILER_GLOBAL_ACCENT_COLOR_NAME = AccentColor;
				CODE_SIGN_STYLE = Automatic;
				CURRENT_PROJECT_VERSION = 1;
				DEVELOPMENT_TEAM = GM2YUUZ32A;
				GENERATE_INFOPLIST_FILE = YES;
				INFOPLIST_FILE = CaixaEletronico/Info.plist;
				INFOPLIST_KEY_UIApplicationSupportsIndirectInputEvents = YES;
				INFOPLIST_KEY_UILaunchStoryboardName = LaunchScreen;
				INFOPLIST_KEY_UISupportedInterfaceOrientations_iPad = "UIInterfaceOrientationPortrait UIInterfaceOrientationPortraitUpsideDown UIInterfaceOrientationLandscapeLeft UIInterfaceOrientationLandscapeRight";
				INFOPLIST_KEY_UISupportedInterfaceOrientations_iPhone = "UIInterfaceOrientationPortrait UIInterfaceOrientationLandscapeLeft UIInterfaceOrientationLandscapeRight";
				LD_RUNPATH_SEARCH_PATHS = (
					"$(inherited)",
					"@executable_path/Frameworks",
				);
				MARKETING_VERSION = 1.0;
				PRODUCT_BUNDLE_IDENTIFIER = br.com.simim.CaixaEletronico;
				PRODUCT_NAME = "$(TARGET_NAME)";
				SWIFT_EMIT_LOC_STRINGS = YES;
				SWIFT_VERSION = 5.0;
				TARGETED_DEVICE_FAMILY = "1,2";
			};
			name = Debug;
		};
		A3F9C86229706FE6008ADF22 /* Release */ = {
			isa = XCBuildConfiguration;
			baseConfigurationReference = 357F30DF89CD9124CA1B9FE5 /* Pods-CaixaEletronico.release.xcconfig */;
			buildSettings = {
				ASSETCATALOG_COMPILER_APPICON_NAME = AppIcon;
				ASSETCATALOG_COMPILER_GLOBAL_ACCENT_COLOR_NAME = AccentColor;
				CODE_SIGN_STYLE = Automatic;
				CURRENT_PROJECT_VERSION = 1;
				DEVELOPMENT_TEAM = GM2YUUZ32A;
				GENERATE_INFOPLIST_FILE = YES;
				INFOPLIST_FILE = CaixaEletronico/Info.plist;
				INFOPLIST_KEY_UIApplicationSupportsIndirectInputEvents = YES;
				INFOPLIST_KEY_UILaunchStoryboardName = LaunchScreen;
				INFOPLIST_KEY_UISupportedInterfaceOrientations_iPad = "UIInterfaceOrientationPortrait UIInterfaceOrientationPortraitUpsideDown UIInterfaceOrientationLandscapeLeft UIInterfaceOrientationLandscapeRight";
				INFOPLIST_KEY_UISupportedInterfaceOrientations_iPhone = "UIInterfaceOrientationPortrait UIInterfaceOrientationLandscapeLeft UIInterfaceOrientationLandscapeRight";
				LD_RUNPATH_SEARCH_PATHS = (
					"$(inherited)",
					"@executable_path/Frameworks",
				);
				MARKETING_VERSION = 1.0;
				PRODUCT_BUNDLE_IDENTIFIER = br.com.simim.CaixaEletronico;
				PRODUCT_NAME = "$(TARGET_NAME)";
				SWIFT_EMIT_LOC_STRINGS = YES;
				SWIFT_VERSION = 5.0;
				TARGETED_DEVICE_FAMILY = "1,2";
			};
			name = Release;
		};
/* End XCBuildConfiguration section */

/* Begin XCConfigurationList section */
		A3F9C84729706FE4008ADF22 /* Build configuration list for PBXProject "CaixaEletronico" */ = {
			isa = XCConfigurationList;
			buildConfigurations = (
				A3F9C85E29706FE6008ADF22 /* Debug */,
				A3F9C85F29706FE6008ADF22 /* Release */,
			);
			defaultConfigurationIsVisible = 0;
			defaultConfigurationName = Release;
		};
		A3F9C86029706FE6008ADF22 /* Build configuration list for PBXNativeTarget "CaixaEletronico" */ = {
			isa = XCConfigurationList;
			buildConfigurations = (
				A3F9C86129706FE6008ADF22 /* Debug */,
				A3F9C86229706FE6008ADF22 /* Release */,
			);
			defaultConfigurationIsVisible = 0;
			defaultConfigurationName = Release;
		};
/* End XCConfigurationList section */
	};
	rootObject = A3F9C84429706FE4008ADF22 /* Project object */;
}
